# This file is autogenerated, do not edit; changes may be undone by the next 'dep ensure'.


[[projects]]
  digest = "1:6e73003ecd35f4487a5e88270d3ca0a81bc80dc88053ac7e4dcfec5fba30d918"
  name = "github.com/gogo/protobuf"
  packages = [
    "proto",
    "sortkeys",
  ]
  pruneopts = ""
  revision = "636bf0302bc95575d69441b25a2603156ffdddf1"
  version = "v1.1.1"

[[projects]]
  branch = "master"
  digest = "1:754f77e9c839b24778a4b64422236d38515301d2baeb63113aa3edc42e6af692"
  name = "github.com/google/gofuzz"
  packages = ["."]
  pruneopts = ""
  revision = "24818f796faf91cd76ec7bddd72458fbced7a6c1"

[[projects]]
  digest = "1:cbaf13cdbfef0e4734ed8a7504f57fe893d471d62a35b982bf6fb3f036449a66"
  name = "github.com/spf13/pflag"
  packages = ["."]
  pruneopts = ""
  revision = "298182f68c66c05229eb03ac171abe6e309ee79a"
  version = "v1.0.3"

[[projects]]
  branch = "master"
  digest = "1:4ac199b027ed34460ec4e0a92c882156f561e78cd046fef095e50f867462435a"
  name = "golang.org/x/net"
  packages = [
    "http/httpguts",
    "http2",
    "http2/hpack",
    "idna",
  ]
  pruneopts = ""
  revision = "adae6a3d119ae4890b46832a2e88a95adc62b8e7"

[[projects]]
  digest = "1:5acd3512b047305d49e8763eef7ba423901e85d5dd2fd1e71778a0ea8de10bd4"
  name = "golang.org/x/text"
  packages = [
    "collate",
    "collate/build",
    "internal/colltab",
    "internal/gen",
    "internal/tag",
    "internal/triegen",
    "internal/ucd",
    "language",
    "secure/bidirule",
    "transform",
    "unicode/bidi",
    "unicode/cldr",
    "unicode/norm",
    "unicode/rangetable",
  ]
  pruneopts = ""
  revision = "f21a4dfb5e38f5895301dc265a8def02365cc3d0"
  version = "v0.3.0"

[[projects]]
  branch = "master"
  digest = "1:38e5d1e9ec06a73175fa71839df0bbd58b7129c446acde31bca9c86e3075ae4d"
  name = "golang.org/x/tools"
  packages = [
    "go/ast/astutil",
    "imports",
    "internal/fastwalk",
    "internal/gopathwalk",
  ]
  pruneopts = ""
  revision = "2a3f5192be2e07bdd7fb3acc42f44f67f69c9343"

[[projects]]
  digest = "1:75fb3fcfc73a8c723efde7777b40e8e8ff9babf30d8c56160d01beffea8a95a6"
  name = "gopkg.in/inf.v0"
  packages = ["."]
  pruneopts = ""
  revision = "d2d2541c53f18d2a059457998ce2876cc8e67cbf"
  version = "v0.9.1"

[[projects]]
  branch = "master"
  digest = "1:cebe5f04ee0890c78c57a957e9d69892cebe60ccda4d1001d9f759a70b1e1bd1"
  name = "k8s.io/apimachinery"
  packages = [
    "pkg/api/resource",
    "pkg/apis/meta/v1",
    "pkg/conversion",
    "pkg/conversion/queryparams",
    "pkg/fields",
    "pkg/labels",
    "pkg/runtime",
    "pkg/runtime/schema",
    "pkg/selection",
    "pkg/types",
    "pkg/util/errors",
    "pkg/util/intstr",
    "pkg/util/json",
    "pkg/util/naming",
    "pkg/util/net",
    "pkg/util/runtime",
    "pkg/util/sets",
    "pkg/util/sets/types",
    "pkg/util/validation",
    "pkg/util/validation/field",
    "pkg/watch",
    "third_party/forked/golang/reflect",
  ]
  pruneopts = ""
  revision = "2a7c9300402896b3c073f2f47df85527c94f83a0"

[[projects]]
  branch = "master"
  digest = "1:fff3d5b966cc9ef97041b861446e9d00224de41872393b82a9eb62e04894dfca"
  name = "k8s.io/code-generator"
  packages = [
    "cmd/client-gen",
    "cmd/client-gen/args",
    "cmd/client-gen/generators",
    "cmd/client-gen/generators/fake",
    "cmd/client-gen/generators/scheme",
    "cmd/client-gen/generators/util",
    "cmd/client-gen/path",
    "cmd/client-gen/types",
    "cmd/deepcopy-gen",
    "cmd/deepcopy-gen/args",
    "cmd/defaulter-gen",
    "cmd/defaulter-gen/args",
    "cmd/informer-gen",
    "cmd/informer-gen/args",
    "cmd/informer-gen/generators",
    "cmd/lister-gen",
    "cmd/lister-gen/args",
    "cmd/lister-gen/generators",
    "pkg/util",
  ]
  pruneopts = ""
  revision = "1ae8250a766a78be82efa54a48139ea3148c9c08"

[[projects]]
  branch = "master"
  digest = "1:0cc7d194e005097afad585545a3049ac7b5d1e3a1bfa86aa6bf6f2fb0e0a5063"
  name = "k8s.io/gengo"
  packages = [
    "args",
    "examples/deepcopy-gen/generators",
    "examples/defaulter-gen/generators",
    "examples/set-gen/sets",
    "generator",
    "namer",
    "parser",
    "types",
  ]
  pruneopts = ""
  revision = "fd15ee9cc2f77baa4f31e59e6acbf21146455073"

[[projects]]
  digest = "1:4f5eb833037cc0ba0bf8fe9cae6be9df62c19dd1c869415275c708daa8ccfda5"
  name = "k8s.io/klog"
  packages = ["."]
  pruneopts = ""
  revision = "a5bc97fbc634d635061f3146511332c7e313a55a"
  version = "v0.1.0"

[[projects]]
  branch = "master"
  digest = "1:5e0302bbbd38684aceed1e84c448367a0d35e4e6711c9b0128adf3834ea58f24"
  name = "k8s.io/sample-controller"
  packages = ["pkg/apis/samplecontroller"]
  pruneopts = ""
  revision = "ff6be62b4cbedb3a20e6ab125d783d9d14950c44"

[solve-meta]
  analyzer-name = "dep"
  analyzer-version = 1
  input-imports = [
    "k8s.io/apimachinery/pkg/apis/meta/v1",
    "k8s.io/apimachinery/pkg/runtime",
    "k8s.io/apimachinery/pkg/runtime/schema",
    "k8s.io/apimachinery/pkg/util/sets/types",
    "k8s.io/code-generator/cmd/client-gen",
    "k8s.io/code-generator/cmd/deepcopy-gen",
    "k8s.io/code-generator/cmd/defaulter-gen",
    "k8s.io/code-generator/cmd/informer-gen",
    "k8s.io/code-generator/cmd/lister-gen",
    "k8s.io/sample-controller/pkg/apis/samplecontroller",
  ]
  solver-name = "gps-cdcl"
  solver-version = 1
